
Microsoft Visual Studio Solution File, Format Version 12.00
# Visual Studio Version 16
VisualStudioVersion = 16.0.32106.194
MinimumVisualStudioVersion = 10.0.40219.1
Project("{9A19103F-16F7-4668-BE54-9A1E7A4F7556}") = "FunctionsReturnAndArraysFromFile", "FunctionsReturnAndArraysFromFile\FunctionsReturnAndArraysFromFile.csproj", "{582DCE28-3B27-4BEA-8DCE-CBB092D8FB39}"
EndProject
Project("{9A19103F-16F7-4668-BE54-9A1E7A4F7556}") = "FridayNightRandom", "FridayNightRandom\FridayNightRandom.csproj", "{676515CE-7264-47F7-A281-1209A26C8410}"
EndProject
Project("{9A19103F-16F7-4668-BE54-9A1E7A4F7556}") = "FridayNightRandomReturn", "FridayNightRandomReturn\FridayNightRandomReturn.csproj", "{632600E0-BCDB-4047-B269-CD1D31771A63}"
EndProject
Project("{9A19103F-16F7-4668-BE54-9A1E7A4F7556}") = "PickRandomFromFile", "PickRandomFromFile\PickRandomFromFile.csproj", "{5FAF56C1-23CB-4019-94BA-039F8B6707BF}"
EndProject
Project("{FAE04EC0-301F-11D3-BF4B-00C04F79EFBC}") = "ChuckNorris", "ChuckNorris\ChuckNorris.csproj", "{7B5137F3-F070-490A-BB64-200E8A74CC56}"
EndProject
Global
	GlobalSection(SolutionConfigurationPlatforms) = preSolution
		Debug|Any CPU = Debug|Any CPU
		Release|Any CPU = Release|Any CPU
	EndGlobalSection
	GlobalSection(ProjectConfigurationPlatforms) = postSolution
		{582DCE28-3B27-4BEA-8DCE-CBB092D8FB39}.Debug|Any CPU.ActiveCfg = Debug|Any CPU
		{582DCE28-3B27-4BEA-8DCE-CBB092D8FB39}.Debug|Any CPU.Build.0 = Debug|Any CPU
		{582DCE28-3B27-4BEA-8DCE-CBB092D8FB39}.Release|Any CPU.ActiveCfg = Release|Any CPU
		{582DCE28-3B27-4BEA-8DCE-CBB092D8FB39}.Release|Any CPU.Build.0 = Release|Any CPU
		{676515CE-7264-47F7-A281-1209A26C8410}.Debug|Any CPU.ActiveCfg = Debug|Any CPU
		{676515CE-7264-47F7-A281-1209A26C8410}.Debug|Any CPU.Build.0 = Debug|Any CPU
		{676515CE-7264-47F7-A281-1209A26C8410}.Release|Any CPU.ActiveCfg = Release|Any CPU
		{676515CE-7264-47F7-A281-1209A26C8410}.Release|Any CPU.Build.0 = Release|Any CPU
		{632600E0-BCDB-4047-B269-CD1D31771A63}.Debug|Any CPU.ActiveCfg = Debug|Any CPU
		{632600E0-BCDB-4047-B269-CD1D31771A63}.Debug|Any CPU.Build.0 = Debug|Any CPU
		{632600E0-BCDB-4047-B269-CD1D31771A63}.Release|Any CPU.ActiveCfg = Release|Any CPU
		{632600E0-BCDB-4047-B269-CD1D31771A63}.Release|Any CPU.Build.0 = Release|Any CPU
		{5FAF56C1-23CB-4019-94BA-039F8B6707BF}.Debug|Any CPU.ActiveCfg = Debug|Any CPU
		{5FAF56C1-23CB-4019-94BA-039F8B6707BF}.Debug|Any CPU.Build.0 = Debug|Any CPU
		{5FAF56C1-23CB-4019-94BA-039F8B6707BF}.Release|Any CPU.ActiveCfg = Release|Any CPU
		{5FAF56C1-23CB-4019-94BA-039F8B6707BF}.Release|Any CPU.Build.0 = Release|Any CPU
		{7B5137F3-F070-490A-BB64-200E8A74CC56}.Debug|Any CPU.ActiveCfg = Debug|Any CPU
		{7B5137F3-F070-490A-BB64-200E8A74CC56}.Debug|Any CPU.Build.0 = Debug|Any CPU
		{7B5137F3-F070-490A-BB64-200E8A74CC56}.Release|Any CPU.ActiveCfg = Release|Any CPU
		{7B5137F3-F070-490A-BB64-200E8A74CC56}.Release|Any CPU.Build.0 = Release|Any CPU
	EndGlobalSection
	GlobalSection(SolutionProperties) = preSolution
		HideSolutionNode = FALSE
	EndGlobalSection
	GlobalSection(ExtensibilityGlobals) = postSolution
		SolutionGuid = {4EE158CD-4701-4E07-96B3-44D14E4BA711}
	EndGlobalSection
EndGlobal
